
Microsoft Visual Studio Solution File, Format Version 12.00
# Visual Studio 2013
VisualStudioVersion = 12.0.40629.0
MinimumVisualStudioVersion = 10.0.40219.1
Project("{FAE04EC0-301F-11D3-BF4B-00C04F79EFBC}") = "Todo.Web", "Todo.Web\Todo.Web.csproj", "{2756C8A7-1E9A-4E2A-A622-1B396FE27574}"
EndProject
Project("{FAE04EC0-301F-11D3-BF4B-00C04F79EFBC}") = "Todo.Web.Tests", "Todo.Web.Tests\Todo.Web.Tests.csproj", "{66DBC0B8-31DD-4E0B-8182-90BD9CA509A3}"
EndProject
Project("{2150E333-8FDC-42A3-9474-1A3956D46DE8}") = ".nuget", ".nuget", "{3A8EE334-D1B9-4611-8814-0478DB6E83E3}"
	ProjectSection(SolutionItems) = preProject
		.nuget\packages.config = .nuget\packages.config
	EndProjectSection
EndProject
Project("{2150E333-8FDC-42A3-9474-1A3956D46DE8}") = "build", "build", "{23D7709C-570C-49E9-BD46-765594E02017}"
	ProjectSection(SolutionItems) = preProject
		build.ps1 = build.ps1
		functions.ps1 = functions.ps1
		tasks.ps1 = tasks.ps1
	EndProjectSection
EndProject
Global
	GlobalSection(SolutionConfigurationPlatforms) = preSolution
		Debug|Any CPU = Debug|Any CPU
		Release|Any CPU = Release|Any CPU
	EndGlobalSection
	GlobalSection(ProjectConfigurationPlatforms) = postSolution
		{2756C8A7-1E9A-4E2A-A622-1B396FE27574}.Debug|Any CPU.ActiveCfg = Debug|Any CPU
		{2756C8A7-1E9A-4E2A-A622-1B396FE27574}.Debug|Any CPU.Build.0 = Debug|Any CPU
		{2756C8A7-1E9A-4E2A-A622-1B396FE27574}.Release|Any CPU.ActiveCfg = Release|Any CPU
		{2756C8A7-1E9A-4E2A-A622-1B396FE27574}.Release|Any CPU.Build.0 = Release|Any CPU
		{66DBC0B8-31DD-4E0B-8182-90BD9CA509A3}.Debug|Any CPU.ActiveCfg = Debug|Any CPU
		{66DBC0B8-31DD-4E0B-8182-90BD9CA509A3}.Debug|Any CPU.Build.0 = Debug|Any CPU
		{66DBC0B8-31DD-4E0B-8182-90BD9CA509A3}.Release|Any CPU.ActiveCfg = Release|Any CPU
		{66DBC0B8-31DD-4E0B-8182-90BD9CA509A3}.Release|Any CPU.Build.0 = Release|Any CPU
	EndGlobalSection
	GlobalSection(SolutionProperties) = preSolution
		HideSolutionNode = FALSE
	EndGlobalSection
EndGlobal
